{
  "name": "near_dapp",
  "lockfileVersion": 2,
  "requires": true,
  "packages": {
    "": {
      "dependencies": {
        "assemblyscript": "^0.26.5"
      }
    },
    "node_modules/assemblyscript": {
      "version": "0.26.5",
      "resolved": "https://registry.npmjs.org/assemblyscript/-/assemblyscript-0.26.5.tgz",
      "integrity": "sha512-WLeUEvZLDEyI8jDGHqIbD2EZNB1HDT7Qxt2QK2bvk1TlQH8pwmWA5nyeyTxgkb5PinJTHApkzIV59iCi9kGGIw==",
      "dependencies": {
        "binaryen": "111.0.0-nightly.20230111",
        "long": "^5.2.0"
      },
      "bin": {
        "asc": "bin/asc.js",
        "asinit": "bin/asinit.js"
      },
      "engines": {
        "node": ">=16.0.0",
        "npm": ">=7.0.0"
      },
      "funding": {
        "type": "opencollective",
        "url": "https://opencollective.com/assemblyscript"
      }
    },
    "node_modules/binaryen": {
      "version": "111.0.0-nightly.20230111",
      "resolved": "https://registry.npmjs.org/binaryen/-/binaryen-111.0.0-nightly.20230111.tgz",
      "integrity": "sha512-CUEED/yMHoGeGnOZhQJW5+Luf5z/F58PHK5lw2feh5fbbqauodgnxyYkc2oxSjYwHHRCmFmaYyeQH4zlhRbebg==",
      "bin": {
        "wasm-opt": "bin/wasm-opt",
        "wasm2js": "bin/wasm2js"
      }
    },
    "node_modules/long": {
      "version": "5.2.1",
      "resolved": "https://registry.npmjs.org/long/-/long-5.2.1.tgz",
      "integrity": "sha512-GKSNGeNAtw8IryjjkhZxuKB3JzlcLTwjtiQCHKvqQet81I93kXslhDQruGI/QsddO83mcDToBVy7GqGS/zYf/A=="
    }
  },
  "dependencies": {
    "assemblyscript": {
      "version": "0.26.5",
      "resolved": "https://registry.npmjs.org/assemblyscript/-/assemblyscript-0.26.5.tgz",
      "integrity": "sha512-WLeUEvZLDEyI8jDGHqIbD2EZNB1HDT7Qxt2QK2bvk1TlQH8pwmWA5nyeyTxgkb5PinJTHApkzIV59iCi9kGGIw==",
      "requires": {
        "binaryen": "111.0.0-nightly.20230111",
        "long": "^5.2.0"
      }
    },
    "binaryen": {
      "version": "111.0.0-nightly.20230111",
      "resolved": "https://registry.npmjs.org/binaryen/-/binaryen-111.0.0-nightly.20230111.tgz",
      "integrity": "sha512-CUEED/yMHoGeGnOZhQJW5+Luf5z/F58PHK5lw2feh5fbbqauodgnxyYkc2oxSjYwHHRCmFmaYyeQH4zlhRbebg=="
    },
    "long": {
      "version": "5.2.1",
      "resolved": "https://registry.npmjs.org/long/-/long-5.2.1.tgz",
      "integrity": "sha512-GKSNGeNAtw8IryjjkhZxuKB3JzlcLTwjtiQCHKvqQet81I93kXslhDQruGI/QsddO83mcDToBVy7GqGS/zYf/A=="
    }
  }
}
